version = 1
revision = 1
requires-python = ">=3.13"

[[package]]
name = "archspec"
version = "0.2.5"
source = { registry = "https://pypi.org/simple" }
sdist = { url = "https://files.pythonhosted.org/packages/8f/7d/a4aff520fbf4636c4bdba3d1cea39d7b9574e891a605f86c7f3883ea9d99/archspec-0.2.5.tar.gz", hash = "sha256:5bec8dfc5366ff299071200466dc9572d56db4e43abca3c66bdd62bc2b731a2a", size = 53848 }
wheels = [
    { url = "https://files.pythonhosted.org/packages/d2/8d/2733707a9daf4df14cb6ae251691cfc49fcce888234ec6484364d8319b46/archspec-0.2.5-py3-none-any.whl", hash = "sha256:604bd4115cb4c18e50a22a9b4a1e516706712263790d7d2994aaa595e70082f6", size = 76161 },
]

[[package]]
name = "astc-encoder-py"
version = "0.1.11"
source = { registry = "https://pypi.org/simple" }
dependencies = [
    { name = "archspec" },
]
sdist = { url = "https://files.pythonhosted.org/packages/43/82/d6ec848be28704a3dbfcbd1146b3bfac2b8b7504f310a16d9b35bf8ff956/astc_encoder_py-0.1.11.tar.gz", hash = "sha256:2867b443dcdd2deb4c0ae0182f818ae65907b141df85b24f690dcc585ba3102c", size = 206155 }
wheels = [
    { url = "https://files.pythonhosted.org/packages/c7/60/95063840b7bacca7492faf9f77fd5a8645d9b32677328d9f468510fbce4b/astc_encoder_py-0.1.11-cp37-abi3-macosx_10_9_x86_64.whl", hash = "sha256:cd964c25e5d06b581cd1b40618a814d761f89cf99d376dec59719308d308ca6b", size = 544696 },
    { url = "https://files.pythonhosted.org/packages/0b/12/23bfe04da549759e153840e80c59f559c1d63920c55fa316bebba1d8e715/astc_encoder_py-0.1.11-cp37-abi3-macosx_11_0_arm64.whl", hash = "sha256:d3cda7a5a0773cd2a39102accd680e4711592822d48750f0e108557489457eff", size = 268856 },
    { url = "https://files.pythonhosted.org/packages/01/79/02da737359967bd99b0d34f298fd1923a41a733c99f6068a78379bea6a09/astc_encoder_py-0.1.11-cp37-abi3-manylinux_2_17_aarch64.manylinux2014_aarch64.whl", hash = "sha256:f33457f83b95b646f6b2bf937ffe265a58e89d571545cfd9364618c1469bae03", size = 2252230 },
    { url = "https://files.pythonhosted.org/packages/38/28/7139fe53f08af3315f62faf267b97fc7675c0c62cbf8905d327c2a5f9add/astc_encoder_py-0.1.11-cp37-abi3-manylinux_2_17_i686.manylinux2014_i686.whl", hash = "sha256:b3e48cfeac0a7f6b0b2d5038a7f33439b0bab436d83558233df9a0b13ba7bd32", size = 1204517 },
    { url = "https://files.pythonhosted.org/packages/30/67/af92b94557f25eedfe8a436d4d80f5c1dfb1ecf4183fd2fbb37d87cef940/astc_encoder_py-0.1.11-cp37-abi3-manylinux_2_17_ppc64le.manylinux2014_ppc64le.whl", hash = "sha256:8d0ca2d9153fdc46174f32579b02ce659101d469eb0db979c84cfcc082d13e9b", size = 1206376 },
    { url = "https://files.pythonhosted.org/packages/65/b3/7ee59e9219a869d4d5752ba1ae61f371094fd3c6ddce9bcb98a31bd00bc9/astc_encoder_py-0.1.11-cp37-abi3-manylinux_2_17_s390x.manylinux2014_s390x.whl", hash = "sha256:46b5c853df5a91aa375bb6c78e69edc71b9088851536c5d4b7322f074f8ebff4", size = 1205414 },
    { url = "https://files.pythonhosted.org/packages/a6/cc/2709d7f299c72f563271625f138b44bb6375107af7f6c302dd753c6b6b61/astc_encoder_py-0.1.11-cp37-abi3-manylinux_2_17_x86_64.manylinux2014_x86_64.whl", hash = "sha256:7f7e40148da90ec667fe708f1f6aebc7264fdca1e576c98ef0ab6f67d5f7afd3", size = 4764387 },
    { url = "https://files.pythonhosted.org/packages/ed/e9/b811447f5790d92b1aaa0eda87f72fbaa1273527eec99a8ebb4f86663a9b/astc_encoder_py-0.1.11-cp37-abi3-musllinux_1_2_aarch64.whl", hash = "sha256:c4d840a53fce02b249ec18231a5d34252bea583f83ae7eab65df607a8f2347fc", size = 2941375 },
    { url = "https://files.pythonhosted.org/packages/13/5c/a685ead96f93b5174a0b90745e5962ce3167bcc015314a817918142ba298/astc_encoder_py-0.1.11-cp37-abi3-musllinux_1_2_armv7l.whl", hash = "sha256:f0caf3e52c00122ed59d0329311d14b3d7db10ccbb3f7d6d0ce121518716b29c", size = 1847379 },
    { url = "https://files.pythonhosted.org/packages/2b/4f/3b05ecb269e88893f335fb469a8fab508fdf604d7d46e06094ce163684f2/astc_encoder_py-0.1.11-cp37-abi3-musllinux_1_2_i686.whl", hash = "sha256:5ccfee15a587c0925affb74c9ff6f2123420f711c85a42ec5aa9efef7cd0ffa5", size = 2211711 },
    { url = "https://files.pythonhosted.org/packages/a9/8e/0fb6a0e4b9fc3fd723e185a6443ccb79d61b6c08e186abdf1b92c4283056/astc_encoder_py-0.1.11-cp37-abi3-musllinux_1_2_ppc64le.whl", hash = "sha256:71bc5f16e8df4b9409628f5d207f21e048ac24f946f4543ececa9b666dbe1873", size = 2124290 },
    { url = "https://files.pythonhosted.org/packages/1b/96/cb623f070274860af9e214108c9080f9a987cf06342c34427818cb4bfba7/astc_encoder_py-0.1.11-cp37-abi3-musllinux_1_2_s390x.whl", hash = "sha256:006a009532b1d3005ef9f9eba5664a3eb789c1d25410845febdeb0fead1a3a0e", size = 2240618 },
    { url = "https://files.pythonhosted.org/packages/59/8f/dc4e590579077aef0640c3e61820ae7d359aa54d9173512f0a842ad341b0/astc_encoder_py-0.1.11-cp37-abi3-musllinux_1_2_x86_64.whl", hash = "sha256:3233b1b99deb1c81456b02942ab0bb86ebf864d563afd93dcc5c970c11a3bf41", size = 5297536 },
    { url = "https://files.pythonhosted.org/packages/03/1c/ea9edc19c36d5ad35c4192a9d11cc232fec0b84aded134c752b24f363076/astc_encoder_py-0.1.11-cp37-abi3-win32.whl", hash = "sha256:41b5c4b8a52be437dda2052c3ad247e80cd32fb844d74217e6b1c6d484efbcca", size = 573396 },
    { url = "https://files.pythonhosted.org/packages/bf/dd/2c4f2d8c3b1004628fbb48eafee01fc211209938604bd42d9000f0fb820a/astc_encoder_py-0.1.11-cp37-abi3-win_amd64.whl", hash = "sha256:2f699b68c44cc7270a06312174f38447159c1170eda1ca19f6e453e078d5bc12", size = 2550115 },
    { url = "https://files.pythonhosted.org/packages/9f/81/8dd5509d1638737ff69fa7b3cecb2105387e7b29c44d767440738caaa4e7/astc_encoder_py-0.1.11-cp37-abi3-win_arm64.whl", hash = "sha256:f10f0227ca2f0275852b9172b618ef1637312a193d29920aecb716dbb995a24d", size = 1183294 },
]

[[package]]
name = "attrs"
version = "25.3.0"
source = { registry = "https://pypi.org/simple" }
sdist = { url = "https://files.pythonhosted.org/packages/5a/b0/1367933a8532ee6ff8d63537de4f1177af4bff9f3e829baf7331f595bb24/attrs-25.3.0.tar.gz", hash = "sha256:75d7cefc7fb576747b2c81b4442d4d4a1ce0900973527c011d1030fd3bf4af1b", size = 812032 }
wheels = [
    { url = "https://files.pythonhosted.org/packages/77/06/bb80f5f86020c4551da315d78b3ab75e8228f89f0162f2c3a819e407941a/attrs-25.3.0-py3-none-any.whl", hash = "sha256:427318ce031701fea540783410126f03899a97ffc6f61596ad581ac2e40e3bc3", size = 63815 },
]

[[package]]
name = "brotli"
version = "1.1.0"
source = { registry = "https://pypi.org/simple" }
sdist = { url = "https://files.pythonhosted.org/packages/2f/c2/f9e977608bdf958650638c3f1e28f85a1b075f075ebbe77db8555463787b/Brotli-1.1.0.tar.gz", hash = "sha256:81de08ac11bcb85841e440c13611c00b67d3bf82698314928d0b676362546724", size = 7372270 }
wheels = [
    { url = "https://files.pythonhosted.org/packages/0a/9f/fb37bb8ffc52a8da37b1c03c459a8cd55df7a57bdccd8831d500e994a0ca/Brotli-1.1.0-cp313-cp313-macosx_10_13_universal2.whl", hash = "sha256:8bf32b98b75c13ec7cf774164172683d6e7891088f6316e54425fde1efc276d5", size = 815681 },
    { url = "https://files.pythonhosted.org/packages/06/b3/dbd332a988586fefb0aa49c779f59f47cae76855c2d00f450364bb574cac/Brotli-1.1.0-cp313-cp313-macosx_10_13_x86_64.whl", hash = "sha256:7bc37c4d6b87fb1017ea28c9508b36bbcb0c3d18b4260fcdf08b200c74a6aee8", size = 422475 },
    { url = "https://files.pythonhosted.org/packages/bb/80/6aaddc2f63dbcf2d93c2d204e49c11a9ec93a8c7c63261e2b4bd35198283/Brotli-1.1.0-cp313-cp313-manylinux_2_17_aarch64.manylinux2014_aarch64.whl", hash = "sha256:3c0ef38c7a7014ffac184db9e04debe495d317cc9c6fb10071f7fefd93100a4f", size = 2906173 },
    { url = "https://files.pythonhosted.org/packages/ea/1d/e6ca79c96ff5b641df6097d299347507d39a9604bde8915e76bf026d6c77/Brotli-1.1.0-cp313-cp313-manylinux_2_17_ppc64le.manylinux2014_ppc64le.whl", hash = "sha256:91d7cc2a76b5567591d12c01f019dd7afce6ba8cba6571187e21e2fc418ae648", size = 2943803 },
    { url = "https://files.pythonhosted.org/packages/ac/a3/d98d2472e0130b7dd3acdbb7f390d478123dbf62b7d32bda5c830a96116d/Brotli-1.1.0-cp313-cp313-manylinux_2_17_x86_64.manylinux2014_x86_64.whl", hash = "sha256:a93dde851926f4f2678e704fadeb39e16c35d8baebd5252c9fd94ce8ce68c4a0", size = 2918946 },
    { url = "https://files.pythonhosted.org/packages/c4/a5/c69e6d272aee3e1423ed005d8915a7eaa0384c7de503da987f2d224d0721/Brotli-1.1.0-cp313-cp313-manylinux_2_5_i686.manylinux1_i686.manylinux_2_17_i686.manylinux2014_i686.whl", hash = "sha256:f0db75f47be8b8abc8d9e31bc7aad0547ca26f24a54e6fd10231d623f183d089", size = 2845707 },
    { url = "https://files.pythonhosted.org/packages/58/9f/4149d38b52725afa39067350696c09526de0125ebfbaab5acc5af28b42ea/Brotli-1.1.0-cp313-cp313-musllinux_1_2_aarch64.whl", hash = "sha256:6967ced6730aed543b8673008b5a391c3b1076d834ca438bbd70635c73775368", size = 2936231 },
    { url = "https://files.pythonhosted.org/packages/5a/5a/145de884285611838a16bebfdb060c231c52b8f84dfbe52b852a15780386/Brotli-1.1.0-cp313-cp313-musllinux_1_2_i686.whl", hash = "sha256:7eedaa5d036d9336c95915035fb57422054014ebdeb6f3b42eac809928e40d0c", size = 2848157 },
    { url = "https://files.pythonhosted.org/packages/50/ae/408b6bfb8525dadebd3b3dd5b19d631da4f7d46420321db44cd99dcf2f2c/Brotli-1.1.0-cp313-cp313-musllinux_1_2_ppc64le.whl", hash = "sha256:d487f5432bf35b60ed625d7e1b448e2dc855422e87469e3f450aa5552b0eb284", size = 3035122 },
    { url = "https://files.pythonhosted.org/packages/af/85/a94e5cfaa0ca449d8f91c3d6f78313ebf919a0dbd55a100c711c6e9655bc/Brotli-1.1.0-cp313-cp313-musllinux_1_2_x86_64.whl", hash = "sha256:832436e59afb93e1836081a20f324cb185836c617659b07b129141a8426973c7", size = 2930206 },
    { url = "https://files.pythonhosted.org/packages/c2/f0/a61d9262cd01351df22e57ad7c34f66794709acab13f34be2675f45bf89d/Brotli-1.1.0-cp313-cp313-win32.whl", hash = "sha256:43395e90523f9c23a3d5bdf004733246fba087f2948f87ab28015f12359ca6a0", size = 333804 },
    { url = "https://files.pythonhosted.org/packages/7e/c1/ec214e9c94000d1c1974ec67ced1c970c148aa6b8d8373066123fc3dbf06/Brotli-1.1.0-cp313-cp313-win_amd64.whl", hash = "sha256:9011560a466d2eb3f5a6e4929cf4a09be405c64154e12df0dd72713f6500e32b", size = 358517 },
]

[[package]]
name = "etcpak"
version = "0.9.13"
source = { registry = "https://pypi.org/simple" }
dependencies = [
    { name = "archspec" },
]
sdist = { url = "https://files.pythonhosted.org/packages/c7/fc/5fa49f9a5c6c4c2253718acc308c2fd5a42375b7181db6b8e8b4a8bd7158/etcpak-0.9.13.tar.gz", hash = "sha256:ed1f59ca55b377770b1676f9dc62352dc3e88a1611cd6f08c5a8113f2c813250", size = 440221 }
wheels = [
    { url = "https://files.pythonhosted.org/packages/6e/51/41911df0ef27633527b1bdadb3fd2aba2e47858df80a7a7da4bd9c355a3d/etcpak-0.9.13-cp37-abi3-macosx_10_9_x86_64.whl", hash = "sha256:655cd7b46e16ade47fe875f99173d65ba3b22cc1e67f012a6240ce3860513131", size = 406689 },
    { url = "https://files.pythonhosted.org/packages/43/38/d607e07a41c9b8f9ac13defb71a1589a1765779613c4d69b9aad310a0cb5/etcpak-0.9.13-cp37-abi3-macosx_11_0_arm64.whl", hash = "sha256:fa7680f107e8d22e0906d77c2c7a3e5d2d58fcb3ab9f13a385875da8c8021ddf", size = 204874 },
    { url = "https://files.pythonhosted.org/packages/f8/fa/ea64c9359a61a1e110a42ed7adf53d40c95b496caa50eb92e5f3d70a0ae5/etcpak-0.9.13-cp37-abi3-manylinux_2_17_aarch64.manylinux2014_aarch64.whl", hash = "sha256:5f990e576422f6b0bab88c4064b05c5e58607cbd62a4358da5b36398b1c8c7c3", size = 1635397 },
    { url = "https://files.pythonhosted.org/packages/70/0c/7f0877a8a7e66b6e67ea0bef09a06903c8977ed4a956264c656074863ec5/etcpak-0.9.13-cp37-abi3-manylinux_2_17_i686.manylinux2014_i686.whl", hash = "sha256:a7e979768cc05389cf746fcbdb9c80968ca4bbc1bfca87a57f844ae70410b155", size = 788737 },
    { url = "https://files.pythonhosted.org/packages/94/07/e7dd500056ee98e1593e44f636bc6f46b23a0c64b26b553ec411576b175f/etcpak-0.9.13-cp37-abi3-manylinux_2_17_ppc64le.manylinux2014_ppc64le.whl", hash = "sha256:dca533910976938280ff3ff705047b588e620a43746f74572860552d9fe2b1fb", size = 820528 },
    { url = "https://files.pythonhosted.org/packages/3f/0c/87678eedb9fe2cba9d097c8610296186b626910feae4a0cab8a2efa35883/etcpak-0.9.13-cp37-abi3-manylinux_2_17_s390x.manylinux2014_s390x.whl", hash = "sha256:4e289707878d9b60f813fa5ab757393e08eff38bd6b3244cd2294d72f633b328", size = 905073 },
    { url = "https://files.pythonhosted.org/packages/7e/f7/f68eb1f65370537e8f18a82c2519f2d3d2aed80c8fc001533acca241e240/etcpak-0.9.13-cp37-abi3-manylinux_2_17_x86_64.manylinux2014_x86_64.whl", hash = "sha256:1610ae641529d7cb65a5dcd96b96e014e35c7b03a8b017a735fe768d1925312d", size = 3563871 },
    { url = "https://files.pythonhosted.org/packages/ca/d1/ce9476178b4f65d57e559090a35527cf310f5148a6abe99a0963d62c71c2/etcpak-0.9.13-cp37-abi3-musllinux_1_2_aarch64.whl", hash = "sha256:ae124b2e6df191d519b783e01794287dbf188548576a2bb68d361417dfa3ed17", size = 2381225 },
    { url = "https://files.pythonhosted.org/packages/8c/0c/c8c6e31da3ba828e1665ad748001194a59a657d011f042eb4de938625d8e/etcpak-0.9.13-cp37-abi3-musllinux_1_2_armv7l.whl", hash = "sha256:3aa18143087541786b27cbf2f300aaedaf24e8dc0e97a2805414f071df3c933f", size = 1504902 },
    { url = "https://files.pythonhosted.org/packages/6e/17/2af8f68f96083eeab9e9e4dca95a1cbab342e704d79b9ffba822f12608f6/etcpak-0.9.13-cp37-abi3-musllinux_1_2_i686.whl", hash = "sha256:ff7a6223f141f092acdd67274eecb929c2d988c34dc401cfa5b2dc80fc7e8a84", size = 1809580 },
    { url = "https://files.pythonhosted.org/packages/89/e5/3e3a35aafc6cc34a7762d38b025541d59c7601b7ddbe32e03534d7da0dd1/etcpak-0.9.13-cp37-abi3-musllinux_1_2_ppc64le.whl", hash = "sha256:754db5cf07f584ec480aee10ec1cae1e393281676be8fe085f63d2c2c936df49", size = 1800371 },
    { url = "https://files.pythonhosted.org/packages/1f/99/766e8e22873f1bcae4787885ffea0e055f18f27ff692050cc37e3e48add7/etcpak-0.9.13-cp37-abi3-musllinux_1_2_s390x.whl", hash = "sha256:cf171b319c13b796acc82fe58182185b109c458b6bd0c93bf0b1c70d20c79415", size = 2005931 },
    { url = "https://files.pythonhosted.org/packages/f6/f4/fdc6513faae45436aa865700f3e575920036e824d633ce74b346096bb539/etcpak-0.9.13-cp37-abi3-musllinux_1_2_x86_64.whl", hash = "sha256:2aa1e3ef39fa092de1ea8e3da91f1ef1614cbff152f48262e0d43228e2e25c13", size = 4273008 },
    { url = "https://files.pythonhosted.org/packages/45/e9/d9b6b770223b625f1a9b5565cbcf6be7db72ac9abad29c3abf5086bc26a0/etcpak-0.9.13-cp37-abi3-win32.whl", hash = "sha256:d17a1a27f077e9ee512c07a1dc8b9cf70a443c5aa62ef6572d979d55052a84ed", size = 347581 },
    { url = "https://files.pythonhosted.org/packages/2c/68/76381335384058b6852e408efcaef3fc75f4c2fb54c38fa6da719c165051/etcpak-0.9.13-cp37-abi3-win_amd64.whl", hash = "sha256:511899cb69052a309010343f49b2b96c847706c49d78e18cd21af80e35fb6716", size = 1687427 },
]

[[package]]
name = "fsspec"
version = "2025.3.2"
source = { registry = "https://pypi.org/simple" }
sdist = { url = "https://files.pythonhosted.org/packages/45/d8/8425e6ba5fcec61a1d16e41b1b71d2bf9344f1fe48012c2b48b9620feae5/fsspec-2025.3.2.tar.gz", hash = "sha256:e52c77ef398680bbd6a98c0e628fbc469491282981209907bbc8aea76a04fdc6", size = 299281 }
wheels = [
    { url = "https://files.pythonhosted.org/packages/44/4b/e0cfc1a6f17e990f3e64b7d941ddc4acdc7b19d6edd51abf495f32b1a9e4/fsspec-2025.3.2-py3-none-any.whl", hash = "sha256:2daf8dc3d1dfa65b6aa37748d112773a7a08416f6c70d96b264c96476ecaf711", size = 194435 },
]

[[package]]
name = "lz4"
version = "4.4.4"
source = { registry = "https://pypi.org/simple" }
sdist = { url = "https://files.pythonhosted.org/packages/c6/5a/945f5086326d569f14c84ac6f7fcc3229f0b9b1e8cc536b951fd53dfb9e1/lz4-4.4.4.tar.gz", hash = "sha256:070fd0627ec4393011251a094e08ed9fdcc78cb4e7ab28f507638eee4e39abda", size = 171884 }
wheels = [
    { url = "https://files.pythonhosted.org/packages/3b/3c/d1d1b926d3688263893461e7c47ed7382a969a0976fc121fc678ec325fc6/lz4-4.4.4-cp313-cp313-macosx_10_13_x86_64.whl", hash = "sha256:ed6eb9f8deaf25ee4f6fad9625d0955183fdc90c52b6f79a76b7f209af1b6e54", size = 220678 },
    { url = "https://files.pythonhosted.org/packages/26/89/8783d98deb058800dabe07e6cdc90f5a2a8502a9bad8c5343c641120ace2/lz4-4.4.4-cp313-cp313-macosx_11_0_arm64.whl", hash = "sha256:18ae4fe3bafb344dbd09f976d45cbf49c05c34416f2462828f9572c1fa6d5af7", size = 189670 },
    { url = "https://files.pythonhosted.org/packages/22/ab/a491ace69a83a8914a49f7391e92ca0698f11b28d5ce7b2ececa2be28e9a/lz4-4.4.4-cp313-cp313-manylinux_2_17_aarch64.manylinux2014_aarch64.whl", hash = "sha256:57fd20c5fc1a49d1bbd170836fccf9a338847e73664f8e313dce6ac91b8c1e02", size = 1238746 },
    { url = "https://files.pythonhosted.org/packages/97/12/a1f2f4fdc6b7159c0d12249456f9fe454665b6126e98dbee9f2bd3cf735c/lz4-4.4.4-cp313-cp313-manylinux_2_17_x86_64.manylinux2014_x86_64.whl", hash = "sha256:e9cb387c33f014dae4db8cb4ba789c8d2a0a6d045ddff6be13f6c8d9def1d2a6", size = 1265119 },
    { url = "https://files.pythonhosted.org/packages/50/6e/e22e50f5207649db6ea83cd31b79049118305be67e96bec60becf317afc6/lz4-4.4.4-cp313-cp313-manylinux_2_5_i686.manylinux1_i686.manylinux_2_17_i686.manylinux2014_i686.whl", hash = "sha256:d0be9f68240231e1e44118a4ebfecd8a5d4184f0bdf5c591c98dd6ade9720afd", size = 1184954 },
    { url = "https://files.pythonhosted.org/packages/4c/c4/2a458039645fcc6324ece731d4d1361c5daf960b553d1fcb4261ba07d51c/lz4-4.4.4-cp313-cp313-win32.whl", hash = "sha256:e9ec5d45ea43684f87c316542af061ef5febc6a6b322928f059ce1fb289c298a", size = 88289 },
    { url = "https://files.pythonhosted.org/packages/00/96/b8e24ea7537ab418074c226279acfcaa470e1ea8271003e24909b6db942b/lz4-4.4.4-cp313-cp313-win_amd64.whl", hash = "sha256:a760a175b46325b2bb33b1f2bbfb8aa21b48e1b9653e29c10b6834f9bb44ead4", size = 99925 },
    { url = "https://files.pythonhosted.org/packages/a5/a5/f9838fe6aa132cfd22733ed2729d0592259fff074cefb80f19aa0607367b/lz4-4.4.4-cp313-cp313-win_arm64.whl", hash = "sha256:f4c21648d81e0dda38b4720dccc9006ae33b0e9e7ffe88af6bf7d4ec124e2fba", size = 89743 },
]

[[package]]
name = "pillow"
version = "11.1.0"
source = { registry = "https://pypi.org/simple" }
sdist = { url = "https://files.pythonhosted.org/packages/f3/af/c097e544e7bd278333db77933e535098c259609c4eb3b85381109602fb5b/pillow-11.1.0.tar.gz", hash = "sha256:368da70808b36d73b4b390a8ffac11069f8a5c85f29eff1f1b01bcf3ef5b2a20", size = 46742715 }
wheels = [
    { url = "https://files.pythonhosted.org/packages/b3/31/9ca79cafdce364fd5c980cd3416c20ce1bebd235b470d262f9d24d810184/pillow-11.1.0-cp313-cp313-macosx_10_13_x86_64.whl", hash = "sha256:ae98e14432d458fc3de11a77ccb3ae65ddce70f730e7c76140653048c71bfcbc", size = 3226640 },
    { url = "https://files.pythonhosted.org/packages/ac/0f/ff07ad45a1f172a497aa393b13a9d81a32e1477ef0e869d030e3c1532521/pillow-11.1.0-cp313-cp313-macosx_11_0_arm64.whl", hash = "sha256:cc1331b6d5a6e144aeb5e626f4375f5b7ae9934ba620c0ac6b3e43d5e683a0f0", size = 3101437 },
    { url = "https://files.pythonhosted.org/packages/08/2f/9906fca87a68d29ec4530be1f893149e0cb64a86d1f9f70a7cfcdfe8ae44/pillow-11.1.0-cp313-cp313-manylinux_2_17_aarch64.manylinux2014_aarch64.whl", hash = "sha256:758e9d4ef15d3560214cddbc97b8ef3ef86ce04d62ddac17ad39ba87e89bd3b1", size = 4326605 },
    { url = "https://files.pythonhosted.org/packages/b0/0f/f3547ee15b145bc5c8b336401b2d4c9d9da67da9dcb572d7c0d4103d2c69/pillow-11.1.0-cp313-cp313-manylinux_2_17_x86_64.manylinux2014_x86_64.whl", hash = "sha256:b523466b1a31d0dcef7c5be1f20b942919b62fd6e9a9be199d035509cbefc0ec", size = 4411173 },
    { url = "https://files.pythonhosted.org/packages/b1/df/bf8176aa5db515c5de584c5e00df9bab0713548fd780c82a86cba2c2fedb/pillow-11.1.0-cp313-cp313-manylinux_2_28_aarch64.whl", hash = "sha256:9044b5e4f7083f209c4e35aa5dd54b1dd5b112b108648f5c902ad586d4f945c5", size = 4369145 },
    { url = "https://files.pythonhosted.org/packages/de/7c/7433122d1cfadc740f577cb55526fdc39129a648ac65ce64db2eb7209277/pillow-11.1.0-cp313-cp313-manylinux_2_28_x86_64.whl", hash = "sha256:3764d53e09cdedd91bee65c2527815d315c6b90d7b8b79759cc48d7bf5d4f114", size = 4496340 },
    { url = "https://files.pythonhosted.org/packages/25/46/dd94b93ca6bd555588835f2504bd90c00d5438fe131cf01cfa0c5131a19d/pillow-11.1.0-cp313-cp313-musllinux_1_2_aarch64.whl", hash = "sha256:31eba6bbdd27dde97b0174ddf0297d7a9c3a507a8a1480e1e60ef914fe23d352", size = 4296906 },
    { url = "https://files.pythonhosted.org/packages/a8/28/2f9d32014dfc7753e586db9add35b8a41b7a3b46540e965cb6d6bc607bd2/pillow-11.1.0-cp313-cp313-musllinux_1_2_x86_64.whl", hash = "sha256:b5d658fbd9f0d6eea113aea286b21d3cd4d3fd978157cbf2447a6035916506d3", size = 4431759 },
    { url = "https://files.pythonhosted.org/packages/33/48/19c2cbe7403870fbe8b7737d19eb013f46299cdfe4501573367f6396c775/pillow-11.1.0-cp313-cp313-win32.whl", hash = "sha256:f86d3a7a9af5d826744fabf4afd15b9dfef44fe69a98541f666f66fbb8d3fef9", size = 2291657 },
    { url = "https://files.pythonhosted.org/packages/3b/ad/285c556747d34c399f332ba7c1a595ba245796ef3e22eae190f5364bb62b/pillow-11.1.0-cp313-cp313-win_amd64.whl", hash = "sha256:593c5fd6be85da83656b93ffcccc2312d2d149d251e98588b14fbc288fd8909c", size = 2626304 },
    { url = "https://files.pythonhosted.org/packages/e5/7b/ef35a71163bf36db06e9c8729608f78dedf032fc8313d19bd4be5c2588f3/pillow-11.1.0-cp313-cp313-win_arm64.whl", hash = "sha256:11633d58b6ee5733bde153a8dafd25e505ea3d32e261accd388827ee987baf65", size = 2375117 },
    { url = "https://files.pythonhosted.org/packages/79/30/77f54228401e84d6791354888549b45824ab0ffde659bafa67956303a09f/pillow-11.1.0-cp313-cp313t-macosx_10_13_x86_64.whl", hash = "sha256:70ca5ef3b3b1c4a0812b5c63c57c23b63e53bc38e758b37a951e5bc466449861", size = 3230060 },
    { url = "https://files.pythonhosted.org/packages/ce/b1/56723b74b07dd64c1010fee011951ea9c35a43d8020acd03111f14298225/pillow-11.1.0-cp313-cp313t-macosx_11_0_arm64.whl", hash = "sha256:8000376f139d4d38d6851eb149b321a52bb8893a88dae8ee7d95840431977081", size = 3106192 },
    { url = "https://files.pythonhosted.org/packages/e1/cd/7bf7180e08f80a4dcc6b4c3a0aa9e0b0ae57168562726a05dc8aa8fa66b0/pillow-11.1.0-cp313-cp313t-manylinux_2_17_x86_64.manylinux2014_x86_64.whl", hash = "sha256:9ee85f0696a17dd28fbcfceb59f9510aa71934b483d1f5601d1030c3c8304f3c", size = 4446805 },
    { url = "https://files.pythonhosted.org/packages/97/42/87c856ea30c8ed97e8efbe672b58c8304dee0573f8c7cab62ae9e31db6ae/pillow-11.1.0-cp313-cp313t-manylinux_2_28_x86_64.whl", hash = "sha256:dd0e081319328928531df7a0e63621caf67652c8464303fd102141b785ef9547", size = 4530623 },
    { url = "https://files.pythonhosted.org/packages/ff/41/026879e90c84a88e33fb00cc6bd915ac2743c67e87a18f80270dfe3c2041/pillow-11.1.0-cp313-cp313t-musllinux_1_2_x86_64.whl", hash = "sha256:e63e4e5081de46517099dc30abe418122f54531a6ae2ebc8680bcd7096860eab", size = 4465191 },
    { url = "https://files.pythonhosted.org/packages/e5/fb/a7960e838bc5df57a2ce23183bfd2290d97c33028b96bde332a9057834d3/pillow-11.1.0-cp313-cp313t-win32.whl", hash = "sha256:dda60aa465b861324e65a78c9f5cf0f4bc713e4309f83bc387be158b077963d9", size = 2295494 },
    { url = "https://files.pythonhosted.org/packages/d7/6c/6ec83ee2f6f0fda8d4cf89045c6be4b0373ebfc363ba8538f8c999f63fcd/pillow-11.1.0-cp313-cp313t-win_amd64.whl", hash = "sha256:ad5db5781c774ab9a9b2c4302bbf0c1014960a0a7be63278d13ae6fdf88126fe", size = 2631595 },
    { url = "https://files.pythonhosted.org/packages/cf/6c/41c21c6c8af92b9fea313aa47c75de49e2f9a467964ee33eb0135d47eb64/pillow-11.1.0-cp313-cp313t-win_arm64.whl", hash = "sha256:67cd427c68926108778a9005f2a04adbd5e67c442ed21d95389fe1d595458756", size = 2377651 },
]

[[package]]
name = "pyfmodex"
version = "0.7.2"
source = { registry = "https://pypi.org/simple" }
sdist = { url = "https://files.pythonhosted.org/packages/0a/ed/6106a55d98868c0edb82aa8ee4fa5fa89712acbe2ab5a307adf962ac67fb/pyfmodex-0.7.2.tar.gz", hash = "sha256:d9ad3d7841a1c4cf4733cbedc69389f84c58a640d23d0ffa083ad6080f35103c", size = 111830 }
wheels = [
    { url = "https://files.pythonhosted.org/packages/2c/7b/f7fdcdf6a6e8fd951c41e91baae8c1cecfffc2ed3199157afd6ab5728716/pyfmodex-0.7.2-py3-none-any.whl", hash = "sha256:1c42112b788e80ee7b4b57ae25bbbc0a98eb1e32a8e7c9e1246698cdf72efa9d", size = 126703 },
]

[[package]]
name = "sekai-re"
version = "0.0.1"
source = { virtual = "." }
dependencies = [
    { name = "unitypy" },
]

[package.metadata]
requires-dist = [{ name = "unitypy", specifier = ">=1.21.3" }]

[[package]]
name = "texture2ddecoder"
version = "1.0.5"
source = { registry = "https://pypi.org/simple" }
sdist = { url = "https://files.pythonhosted.org/packages/3f/08/7012aead15dc0e02289615084374f465908568c7b940f0f5ad0eb216b1a4/texture2ddecoder-1.0.5.tar.gz", hash = "sha256:7767e865394ad8e0a0609d275caf3e8c99d03df107dfb961cb90ea21c9295dc2", size = 105164 }
wheels = [
    { url = "https://files.pythonhosted.org/packages/db/d0/ab2e6a4226c1463fef60aad3571dca8b60cee8172f48deaafb2814f80316/texture2ddecoder-1.0.5-cp37-abi3-macosx_10_9_x86_64.whl", hash = "sha256:d037c4071eaeb1b772ccf17dcd1be0ebd1a01a6565f297182346bbafb7acc25e", size = 93163 },
    { url = "https://files.pythonhosted.org/packages/69/3a/700186efe43b2f01a44ecd9d00365202025c05d11ffa70f9ab46f68f5ff7/texture2ddecoder-1.0.5-cp37-abi3-macosx_11_0_arm64.whl", hash = "sha256:073128f915c5ed54d34230c33709b89a88e11b796e57f9d5c734c640b265551d", size = 87042 },
    { url = "https://files.pythonhosted.org/packages/12/e8/402c4242b4da2e7c180e42f96ddb79f6f3fbf09d4e68d0d0779bd1c54a35/texture2ddecoder-1.0.5-cp37-abi3-manylinux_2_17_aarch64.manylinux2014_aarch64.whl", hash = "sha256:7d21f2866b2bb21f01910b99164bed8a8cc70d2f2be5fd5bf37db1a87a781389", size = 359415 },
    { url = "https://files.pythonhosted.org/packages/8b/94/36a109d3983f287f7c812c7ce78752b81be32a5c1ef3fd4f3685b9fdee54/texture2ddecoder-1.0.5-cp37-abi3-manylinux_2_17_ppc64le.manylinux2014_ppc64le.whl", hash = "sha256:958e82c0fe8f831e317304193d83110566736fa7b03698a97aeb8f6f09828fa1", size = 410332 },
    { url = "https://files.pythonhosted.org/packages/15/60/6ceb390bab7a04fd44374418c698a17e2ada850c821a350294c3a47ff47f/texture2ddecoder-1.0.5-cp37-abi3-manylinux_2_17_s390x.manylinux2014_s390x.whl", hash = "sha256:185e317b5459f9f4f2429e471f6300a3a8fe11e858048c4105927d342718f946", size = 445208 },
    { url = "https://files.pythonhosted.org/packages/a0/0d/1f49ad81fd70a68ba84d057002c62495057a08820f658ad4bba9a1cea7e4/texture2ddecoder-1.0.5-cp37-abi3-manylinux_2_17_x86_64.manylinux2014_x86_64.whl", hash = "sha256:a9dbf2825d74f26d489a4f971e55d57f85397054daef804cfec2e88b5d5247b8", size = 374749 },
    { url = "https://files.pythonhosted.org/packages/37/01/ef42b019a7d637b1483167508ca27a54d3a3e90746faef9b3c2a652e3504/texture2ddecoder-1.0.5-cp37-abi3-manylinux_2_5_i686.manylinux1_i686.manylinux_2_17_i686.manylinux2014_i686.whl", hash = "sha256:e449dc9dc7d59bd5fea302b8b80dcef26a31d53a7ff9e59cd7749b5306138f26", size = 361267 },
    { url = "https://files.pythonhosted.org/packages/9c/52/458ff691a1217aa7da991cf680357d2a86fe0aac6572cb42acfcc1545aae/texture2ddecoder-1.0.5-cp37-abi3-musllinux_1_2_aarch64.whl", hash = "sha256:7a851cf54e0918d52e63b248129dab8a0bdc98d0237e4da7a85812ce0da101e7", size = 1303707 },
    { url = "https://files.pythonhosted.org/packages/69/f6/4ba5f070b6ea976135a32f80ed3acc787fc8511af788e58599bfb0b026b8/texture2ddecoder-1.0.5-cp37-abi3-musllinux_1_2_armv7l.whl", hash = "sha256:869c3563bf03eb0af751812d5d42f9b6a33fbd647196e3812060eba89a0b7dcc", size = 1175192 },
    { url = "https://files.pythonhosted.org/packages/9b/b3/8f5cd6e06eb98b6d29d2268d4d1019a5236c51c77e25622c9a1cd5acd1e3/texture2ddecoder-1.0.5-cp37-abi3-musllinux_1_2_i686.whl", hash = "sha256:3d94ae1a87712908286bc5cc9e6ad173a9357aaf33937507cba2ad4305ed8344", size = 1449421 },
    { url = "https://files.pythonhosted.org/packages/e9/78/2b5a27e705b93a408fb0a5580ba06728ff35b337871ac42b0a4138c2cd1c/texture2ddecoder-1.0.5-cp37-abi3-musllinux_1_2_ppc64le.whl", hash = "sha256:19f00acb3a25b285c5b3e5a7bc22adb4d90db401c450695e98463585998a5715", size = 1452732 },
    { url = "https://files.pythonhosted.org/packages/28/c8/b0f9ff91e56cfcbbf3ab6ca4b6d7d86352ec6dac20cfdd1ebc37277a1a37/texture2ddecoder-1.0.5-cp37-abi3-musllinux_1_2_s390x.whl", hash = "sha256:719f0e17b66e3269662ff6bb05167b61df6897ec3555caefc58731d14d0dad39", size = 1590695 },
    { url = "https://files.pythonhosted.org/packages/9e/2a/3803468e58accc4312f9ab39403de43333c79ea123c03790c7cde1d62591/texture2ddecoder-1.0.5-cp37-abi3-musllinux_1_2_x86_64.whl", hash = "sha256:1fd60db331483094a9c7b84e1188222bb545987a11e3161f217f829e1e9c165f", size = 1363889 },
    { url = "https://files.pythonhosted.org/packages/5e/5b/1e3202a7b97622924c9304a4cebd65cebebaf5aca1b17c9c9329a797357b/texture2ddecoder-1.0.5-cp37-abi3-win32.whl", hash = "sha256:49fa46e3f10d226a3ead5a11288f781bdd589ff80e649dec8c68cc04b45384e1", size = 52680 },
    { url = "https://files.pythonhosted.org/packages/54/57/04a442cdb03e94b96e8bcddc237d3ead389d617b2710b6d90423e4349607/texture2ddecoder-1.0.5-cp37-abi3-win_amd64.whl", hash = "sha256:6ee16f7ebb98e227875f3bbd36be3c65b8d84296200b2624e5064f069bb5588f", size = 64636 },
    { url = "https://files.pythonhosted.org/packages/ae/01/0282ce71a0354449293be479d4561d3c39f1a5628f31aea92d8737fd1911/texture2ddecoder-1.0.5-cp37-abi3-win_arm64.whl", hash = "sha256:500e41c12227d5f0e4065ea7047e69fdcbd773a1602ee64f5d34656330bd7c9e", size = 55686 },
]

[[package]]
name = "unitypy"
version = "1.21.3"
source = { registry = "https://pypi.org/simple" }
dependencies = [
    { name = "astc-encoder-py" },
    { name = "attrs" },
    { name = "brotli" },
    { name = "etcpak" },
    { name = "fsspec" },
    { name = "lz4" },
    { name = "pillow" },
    { name = "pyfmodex" },
    { name = "texture2ddecoder" },
]
sdist = { url = "https://files.pythonhosted.org/packages/df/28/30c47aff7773c87cc7a4ebbb6ebad72893c0014dd142d78fe0af9f7f826e/unitypy-1.21.3.tar.gz", hash = "sha256:f34e50dd9af620d357128dab88da05b027400fd37b44a969fdc29b46d8372ed6", size = 6235042 }
wheels = [
    { url = "https://files.pythonhosted.org/packages/40/c5/b8d404e07de929ec0720bccbce90a15d778d25ef8714e6051fb0b3f4727d/unitypy-1.21.3-cp313-cp313-macosx_10_13_x86_64.whl", hash = "sha256:13d805f383ac5f5465184d0bc708f44d1143a625966c5cfd8ae0a128c416eed3", size = 1656881 },
    { url = "https://files.pythonhosted.org/packages/f6/2f/fca173feec9e057923eb7d51ca626cfb55f6820cfdf2601a1ad044a505ff/unitypy-1.21.3-cp313-cp313-macosx_11_0_arm64.whl", hash = "sha256:503615cadbf50e3d03eaa23d58fc518f312bde9420ce33f548fe42315b627c59", size = 1654999 },
    { url = "https://files.pythonhosted.org/packages/50/89/3b94cddf58607b73aaf2f31a4e76434c71296e7633fd30c2e872f3bb2ad3/unitypy-1.21.3-cp313-cp313-manylinux_2_17_i686.manylinux2014_i686.whl", hash = "sha256:504fa9b7fdbda62b5d4f78dc538b30b9eaf8d506b7bba10cc94800f135d1cea4", size = 2051235 },
    { url = "https://files.pythonhosted.org/packages/fb/61/46c8467599cd9e229a9c389efc66ed3c2a7c86460356aa641bbfe6ece530/unitypy-1.21.3-cp313-cp313-manylinux_2_17_x86_64.manylinux2014_x86_64.whl", hash = "sha256:545c2954ef6bc627d3750388b8c71053e883b0cbb797143902f342066eb624d4", size = 2062439 },
    { url = "https://files.pythonhosted.org/packages/0a/17/ffaa163aa01b334f7719fc430d346581654ce71449ceba2faae8a10a8b61/unitypy-1.21.3-cp313-cp313-musllinux_1_2_i686.whl", hash = "sha256:06a91d1f35a19e70e7dd5255ad6abbf838f5740dd3d0d44b2c52566337dbe777", size = 3058462 },
    { url = "https://files.pythonhosted.org/packages/1d/1e/3cef6974f5744deb8e315deb91107e874ace2f2f7c337c4cf749a5871e18/unitypy-1.21.3-cp313-cp313-musllinux_1_2_x86_64.whl", hash = "sha256:3ef66151129dd10f17db7adfebb35393db5e1ed928c8937fecc8c3d1bb6d6387", size = 2976393 },
    { url = "https://files.pythonhosted.org/packages/29/c0/7517d50d4884515b1af71c44bcef05b70db7b004b6e31e059e9952c95e5f/unitypy-1.21.3-cp313-cp313-win32.whl", hash = "sha256:e8b0096a55bdb5b89bda0d0bbc56a97d0cc1cb07abeb238e8cb7d2ec566a3681", size = 1982714 },
    { url = "https://files.pythonhosted.org/packages/35/8f/335c2f9c205a76833f0e71ae44714972f1431a6a30b7307be6ad47cf3324/unitypy-1.21.3-cp313-cp313-win_amd64.whl", hash = "sha256:99e3fa6649207a370407ddb75ef28d57822e7b0d9b7ac757c4f56f923b569988", size = 1988790 },
    { url = "https://files.pythonhosted.org/packages/71/c6/a56d7561cb80a6063c681e002010dc90c4dbd76f092d15603d15782207d9/unitypy-1.21.3-cp313-cp313-win_arm64.whl", hash = "sha256:87f0ec48c1d6fd8925cbc94471ddb1dc58b6843059a70c618625a7b14ba830ee", size = 2545869 },
]
